// !$*UTF8*$!
{
	archiveVersion = 1;
	classes = {
	};
	objectVersion = 46;
	objects = {

/* Begin PBXBuildFile section */
		5AB4CFF11461092C00316888 /* UIKit.framework in Frameworks */ = {isa = PBXBuildFile; fileRef = 5AB4CFF01461092C00316888 /* UIKit.framework */; };
		5AB4CFF31461092C00316888 /* Foundation.framework in Frameworks */ = {isa = PBXBuildFile; fileRef = 5AB4CFF21461092C00316888 /* Foundation.framework */; };
		5AB4CFF51461092C00316888 /* CoreGraphics.framework in Frameworks */ = {isa = PBXBuildFile; fileRef = 5AB4CFF41461092C00316888 /* CoreGraphics.framework */; };
		5AB4CFFB1461092C00316888 /* InfoPlist.strings in Resources */ = {isa = PBXBuildFile; fileRef = 5AB4CFF91461092C00316888 /* InfoPlist.strings */; };
		5AB4CFFD1461092C00316888 /* main.m in Sources */ = {isa = PBXBuildFile; fileRef = 5AB4CFFC1461092C00316888 /* main.m */; };
		5AB4D0011461092C00316888 /* AppDelegate.m in Sources */ = {isa = PBXBuildFile; fileRef = 5AB4D0001461092C00316888 /* AppDelegate.m */; };
		5AB4D0041461092C00316888 /* ViewController.m in Sources */ = {isa = PBXBuildFile; fileRef = 5AB4D0031461092C00316888 /* ViewController.m */; };
		5AB4D0071461092C00316888 /* ViewController.xib in Resources */ = {isa = PBXBuildFile; fileRef = 5AB4D0051461092C00316888 /* ViewController.xib */; };
		5AB4D00E14610A0600316888 /* QuartzCore.framework in Frameworks */ = {isa = PBXBuildFile; fileRef = 5AB4D00D14610A0600316888 /* QuartzCore.framework */; };
		5AB4D01014610A0C00316888 /* CoreImage.framework in Frameworks */ = {isa = PBXBuildFile; fileRef = 5AB4D00F14610A0C00316888 /* CoreImage.framework */; };
		5AB4D01214610C3100316888 /* Priyanka.jpg in Resources */ = {isa = PBXBuildFile; fileRef = 5AB4D01114610C3100316888 /* Priyanka.jpg */; };
		E3953E7B16C3F62E0020B3F5 /* libOpenCViPhone.a in Frameworks */ = {isa = PBXBuildFile; fileRef = E3953E7816C3F6190020B3F5 /* libOpenCViPhone.a */; };
		E3953E7F16C3F6AA0020B3F5 /* FaceRecognitionViewController.mm in Sources */ = {isa = PBXBuildFile; fileRef = E3953E7E16C3F6AA0020B3F5 /* FaceRecognitionViewController.mm */; };
		E3DAEFF516C41E520007288A /* Accelerate.framework in Frameworks */ = {isa = PBXBuildFile; fileRef = E3DAEFF416C41E520007288A /* Accelerate.framework */; };
		E3DAEFFA16C41EF40007288A /* libz.dylib in Frameworks */ = {isa = PBXBuildFile; fileRef = E3DAEFF916C41EF40007288A /* libz.dylib */; };
		E3DAEFFB16C423980007288A /* colormap.cpp in Sources */ = {isa = PBXBuildFile; fileRef = E3953E5416C3F5530020B3F5 /* colormap.cpp */; };
		E3DAEFFC16C4239B0007288A /* decomposition.cpp in Sources */ = {isa = PBXBuildFile; fileRef = E3953E5616C3F5530020B3F5 /* decomposition.cpp */; };
		E3DAEFFD16C4239E0007288A /* facerec.cpp in Sources */ = {isa = PBXBuildFile; fileRef = E3953E5816C3F5530020B3F5 /* facerec.cpp */; };
		E3DAEFFE16C423A10007288A /* helper.cpp in Sources */ = {isa = PBXBuildFile; fileRef = E3953E5A16C3F5530020B3F5 /* helper.cpp */; };
		E3DAEFFF16C423A30007288A /* lbp.cpp in Sources */ = {isa = PBXBuildFile; fileRef = E3953E5C16C3F5530020B3F5 /* lbp.cpp */; };
		E3DAF00016C423A50007288A /* subspace.cpp in Sources */ = {isa = PBXBuildFile; fileRef = E3953E5E16C3F5530020B3F5 /* subspace.cpp */; };
		E3FE902316C21E3500700D53 /* Default-568h@2x.png in Resources */ = {isa = PBXBuildFile; fileRef = E3FE902216C21E3500700D53 /* Default-568h@2x.png */; };
		E3FE902E16C2317600700D53 /* LiveFeedViewController.m in Sources */ = {isa = PBXBuildFile; fileRef = E3FE902D16C2317600700D53 /* LiveFeedViewController.m */; };
		E3FE903116C231FC00700D53 /* AVFoundation.framework in Frameworks */ = {isa = PBXBuildFile; fileRef = E3FE903016C231FC00700D53 /* AVFoundation.framework */; };
		E3FE903316C2324300700D53 /* CoreMedia.framework in Frameworks */ = {isa = PBXBuildFile; fileRef = E3FE903216C2324300700D53 /* CoreMedia.framework */; };
		E3FE903516C2326800700D53 /* CoreVideo.framework in Frameworks */ = {isa = PBXBuildFile; fileRef = E3FE903416C2326800700D53 /* CoreVideo.framework */; };
		E3FE903716C2345600700D53 /* border.png in Resources */ = {isa = PBXBuildFile; fileRef = E3FE903616C2345600700D53 /* border.png */; };
		E3FE903B16C238B200700D53 /* LiveFeedViewController.xib in Resources */ = {isa = PBXBuildFile; fileRef = E3FE903916C238B200700D53 /* LiveFeedViewController.xib */; };
		E3FE903E16C23C0600700D53 /* FaceViewController.m in Sources */ = {isa = PBXBuildFile; fileRef = E3FE903D16C23C0600700D53 /* FaceViewController.m */; };
		E3FE905A16C2A44B00700D53 /* MainViewController.m in Sources */ = {isa = PBXBuildFile; fileRef = E3FE905916C2A44B00700D53 /* MainViewController.m */; };
		E3FE905D16C2AC1100700D53 /* tick.aiff in Resources */ = {isa = PBXBuildFile; fileRef = E3FE905C16C2AC1100700D53 /* tick.aiff */; };
		E3FE906216C2AC2500700D53 /* MyViewController.m in Sources */ = {isa = PBXBuildFile; fileRef = E3FE905F16C2AC2400700D53 /* MyViewController.m */; };
		E3FE906316C2AC2500700D53 /* OverlayViewController.m in Sources */ = {isa = PBXBuildFile; fileRef = E3FE906116C2AC2400700D53 /* OverlayViewController.m */; };
		E3FE906816C2AC3E00700D53 /* StaticPhotoController.xib in Resources */ = {isa = PBXBuildFile; fileRef = E3FE906416C2AC3E00700D53 /* StaticPhotoController.xib */; };
		E3FE906916C2AC3E00700D53 /* OverlayViewController.xib in Resources */ = {isa = PBXBuildFile; fileRef = E3FE906616C2AC3E00700D53 /* OverlayViewController.xib */; };
		E3FE906B16C2AD9900700D53 /* AudioToolbox.framework in Frameworks */ = {isa = PBXBuildFile; fileRef = E3FE906A16C2AD9800700D53 /* AudioToolbox.framework */; };
		E3FE907216C3A71B00700D53 /* UIImage+Resolution.m in Sources */ = {isa = PBXBuildFile; fileRef = E3FE907116C3A71B00700D53 /* UIImage+Resolution.m */; };
/* End PBXBuildFile section */

/* Begin PBXContainerItemProxy section */
		E3953E7516C3F6190020B3F5 /* PBXContainerItemProxy */ = {
			isa = PBXContainerItemProxy;
			containerPortal = E3953E6C16C3F6180020B3F5 /* FaceRecognition.xcodeproj */;
			proxyType = 2;
			remoteGlobalIDString = 9B0C155F15234B7A00B14CF7;
			remoteInfo = FaceRecognition;
		};
		E3953E7716C3F6190020B3F5 /* PBXContainerItemProxy */ = {
			isa = PBXContainerItemProxy;
			containerPortal = E3953E6C16C3F6180020B3F5 /* FaceRecognition.xcodeproj */;
			proxyType = 2;
			remoteGlobalIDString = 9B0C158415234DCA00B14CF7;
			remoteInfo = OpenCViPhone;
		};
		E3953E7916C3F6280020B3F5 /* PBXContainerItemProxy */ = {
			isa = PBXContainerItemProxy;
			containerPortal = E3953E6C16C3F6180020B3F5 /* FaceRecognition.xcodeproj */;
			proxyType = 1;
			remoteGlobalIDString = 9B0C158315234DCA00B14CF7;
			remoteInfo = OpenCViPhone;
		};
/* End PBXContainerItemProxy section */

/* Begin PBXFileReference section */
		5AB4CFEC1461092C00316888 /* FaceDetecnition.app */ = {isa = PBXFileReference; explicitFileType = wrapper.application; includeInIndex = 0; path = FaceDetecnition.app; sourceTree = BUILT_PRODUCTS_DIR; };
		5AB4CFF01461092C00316888 /* UIKit.framework */ = {isa = PBXFileReference; lastKnownFileType = wrapper.framework; name = UIKit.framework; path = System/Library/Frameworks/UIKit.framework; sourceTree = SDKROOT; };
		5AB4CFF21461092C00316888 /* Foundation.framework */ = {isa = PBXFileReference; lastKnownFileType = wrapper.framework; name = Foundation.framework; path = System/Library/Frameworks/Foundation.framework; sourceTree = SDKROOT; };
		5AB4CFF41461092C00316888 /* CoreGraphics.framework */ = {isa = PBXFileReference; lastKnownFileType = wrapper.framework; name = CoreGraphics.framework; path = System/Library/Frameworks/CoreGraphics.framework; sourceTree = SDKROOT; };
		5AB4CFF81461092C00316888 /* FaceDetecnition-Info.plist */ = {isa = PBXFileReference; lastKnownFileType = text.plist.xml; path = "FaceDetecnition-Info.plist"; sourceTree = "<group>"; };
		5AB4CFFA1461092C00316888 /* en */ = {isa = PBXFileReference; lastKnownFileType = text.plist.strings; name = en; path = en.lproj/InfoPlist.strings; sourceTree = "<group>"; };
		5AB4CFFC1461092C00316888 /* main.m */ = {isa = PBXFileReference; lastKnownFileType = sourcecode.c.objc; path = main.m; sourceTree = "<group>"; };
		5AB4CFFE1461092C00316888 /* FaceDetecnition-Prefix.pch */ = {isa = PBXFileReference; lastKnownFileType = sourcecode.c.h; path = "FaceDetecnition-Prefix.pch"; sourceTree = "<group>"; };
		5AB4CFFF1461092C00316888 /* AppDelegate.h */ = {isa = PBXFileReference; lastKnownFileType = sourcecode.c.h; path = AppDelegate.h; sourceTree = "<group>"; };
		5AB4D0001461092C00316888 /* AppDelegate.m */ = {isa = PBXFileReference; lastKnownFileType = sourcecode.c.objc; path = AppDelegate.m; sourceTree = "<group>"; };
		5AB4D0021461092C00316888 /* ViewController.h */ = {isa = PBXFileReference; lastKnownFileType = sourcecode.c.h; path = ViewController.h; sourceTree = "<group>"; };
		5AB4D0031461092C00316888 /* ViewController.m */ = {isa = PBXFileReference; lastKnownFileType = sourcecode.c.objc; path = ViewController.m; sourceTree = "<group>"; };
		5AB4D0061461092C00316888 /* en */ = {isa = PBXFileReference; lastKnownFileType = file.xib; name = en; path = en.lproj/ViewController.xib; sourceTree = "<group>"; };
		5AB4D00D14610A0600316888 /* QuartzCore.framework */ = {isa = PBXFileReference; lastKnownFileType = wrapper.framework; name = QuartzCore.framework; path = System/Library/Frameworks/QuartzCore.framework; sourceTree = SDKROOT; };
		5AB4D00F14610A0C00316888 /* CoreImage.framework */ = {isa = PBXFileReference; lastKnownFileType = wrapper.framework; name = CoreImage.framework; path = System/Library/Frameworks/CoreImage.framework; sourceTree = SDKROOT; };
		5AB4D01114610C3100316888 /* Priyanka.jpg */ = {isa = PBXFileReference; lastKnownFileType = image.jpeg; path = Priyanka.jpg; sourceTree = "<group>"; };
		E3953E5416C3F5530020B3F5 /* colormap.cpp */ = {isa = PBXFileReference; fileEncoding = 4; lastKnownFileType = sourcecode.cpp.cpp; name = colormap.cpp; path = FaceRecognition/FaceRecognition/colormap.cpp; sourceTree = "<group>"; };
		E3953E5516C3F5530020B3F5 /* colormap.hpp */ = {isa = PBXFileReference; fileEncoding = 4; lastKnownFileType = sourcecode.cpp.h; name = colormap.hpp; path = FaceRecognition/FaceRecognition/colormap.hpp; sourceTree = "<group>"; };
		E3953E5616C3F5530020B3F5 /* decomposition.cpp */ = {isa = PBXFileReference; fileEncoding = 4; lastKnownFileType = sourcecode.cpp.cpp; name = decomposition.cpp; path = FaceRecognition/FaceRecognition/decomposition.cpp; sourceTree = "<group>"; };
		E3953E5716C3F5530020B3F5 /* decomposition.hpp */ = {isa = PBXFileReference; fileEncoding = 4; lastKnownFileType = sourcecode.cpp.h; name = decomposition.hpp; path = FaceRecognition/FaceRecognition/decomposition.hpp; sourceTree = "<group>"; };
		E3953E5816C3F5530020B3F5 /* facerec.cpp */ = {isa = PBXFileReference; fileEncoding = 4; lastKnownFileType = sourcecode.cpp.cpp; name = facerec.cpp; path = FaceRecognition/FaceRecognition/facerec.cpp; sourceTree = "<group>"; };
		E3953E5916C3F5530020B3F5 /* facerec.hpp */ = {isa = PBXFileReference; fileEncoding = 4; lastKnownFileType = sourcecode.cpp.h; name = facerec.hpp; path = FaceRecognition/FaceRecognition/facerec.hpp; sourceTree = "<group>"; };
		E3953E5A16C3F5530020B3F5 /* helper.cpp */ = {isa = PBXFileReference; fileEncoding = 4; lastKnownFileType = sourcecode.cpp.cpp; name = helper.cpp; path = FaceRecognition/FaceRecognition/helper.cpp; sourceTree = "<group>"; };
		E3953E5B16C3F5530020B3F5 /* helper.hpp */ = {isa = PBXFileReference; fileEncoding = 4; lastKnownFileType = sourcecode.cpp.h; name = helper.hpp; path = FaceRecognition/FaceRecognition/helper.hpp; sourceTree = "<group>"; };
		E3953E5C16C3F5530020B3F5 /* lbp.cpp */ = {isa = PBXFileReference; fileEncoding = 4; lastKnownFileType = sourcecode.cpp.cpp; name = lbp.cpp; path = FaceRecognition/FaceRecognition/lbp.cpp; sourceTree = "<group>"; };
		E3953E5D16C3F5530020B3F5 /* lbp.hpp */ = {isa = PBXFileReference; fileEncoding = 4; lastKnownFileType = sourcecode.cpp.h; name = lbp.hpp; path = FaceRecognition/FaceRecognition/lbp.hpp; sourceTree = "<group>"; };
		E3953E5E16C3F5530020B3F5 /* subspace.cpp */ = {isa = PBXFileReference; fileEncoding = 4; lastKnownFileType = sourcecode.cpp.cpp; name = subspace.cpp; path = FaceRecognition/FaceRecognition/subspace.cpp; sourceTree = "<group>"; };
		E3953E5F16C3F5530020B3F5 /* subspace.hpp */ = {isa = PBXFileReference; fileEncoding = 4; lastKnownFileType = sourcecode.cpp.h; name = subspace.hpp; path = FaceRecognition/FaceRecognition/subspace.hpp; sourceTree = "<group>"; };
		E3953E6C16C3F6180020B3F5 /* FaceRecognition.xcodeproj */ = {isa = PBXFileReference; lastKnownFileType = "wrapper.pb-project"; name = FaceRecognition.xcodeproj; path = FaceRecognition/FaceRecognition.xcodeproj; sourceTree = "<group>"; };
		E3953E7D16C3F6AA0020B3F5 /* FaceRecognitionViewController.h */ = {isa = PBXFileReference; fileEncoding = 4; lastKnownFileType = sourcecode.c.h; name = FaceRecognitionViewController.h; path = FaceRecognition/FaceRecognition/FaceRecognitionViewController.h; sourceTree = "<group>"; };
		E3953E7E16C3F6AA0020B3F5 /* FaceRecognitionViewController.mm */ = {isa = PBXFileReference; fileEncoding = 4; lastKnownFileType = sourcecode.cpp.objcpp; name = FaceRecognitionViewController.mm; path = FaceRecognition/FaceRecognition/FaceRecognitionViewController.mm; sourceTree = "<group>"; };
		E3DAEFF416C41E520007288A /* Accelerate.framework */ = {isa = PBXFileReference; lastKnownFileType = wrapper.framework; name = Accelerate.framework; path = System/Library/Frameworks/Accelerate.framework; sourceTree = SDKROOT; };
		E3DAEFF916C41EF40007288A /* libz.dylib */ = {isa = PBXFileReference; lastKnownFileType = "compiled.mach-o.dylib"; name = libz.dylib; path = usr/lib/libz.dylib; sourceTree = SDKROOT; };
		E3FE902216C21E3500700D53 /* Default-568h@2x.png */ = {isa = PBXFileReference; lastKnownFileType = image.png; name = "Default-568h@2x.png"; path = "../Default-568h@2x.png"; sourceTree = "<group>"; };
		E3FE902C16C2317600700D53 /* LiveFeedViewController.h */ = {isa = PBXFileReference; fileEncoding = 4; lastKnownFileType = sourcecode.c.h; path = LiveFeedViewController.h; sourceTree = "<group>"; };
		E3FE902D16C2317600700D53 /* LiveFeedViewController.m */ = {isa = PBXFileReference; fileEncoding = 4; lastKnownFileType = sourcecode.c.objc; path = LiveFeedViewController.m; sourceTree = "<group>"; };
		E3FE903016C231FC00700D53 /* AVFoundation.framework */ = {isa = PBXFileReference; lastKnownFileType = wrapper.framework; name = AVFoundation.framework; path = System/Library/Frameworks/AVFoundation.framework; sourceTree = SDKROOT; };
		E3FE903216C2324300700D53 /* CoreMedia.framework */ = {isa = PBXFileReference; lastKnownFileType = wrapper.framework; name = CoreMedia.framework; path = System/Library/Frameworks/CoreMedia.framework; sourceTree = SDKROOT; };
		E3FE903416C2326800700D53 /* CoreVideo.framework */ = {isa = PBXFileReference; lastKnownFileType = wrapper.framework; name = CoreVideo.framework; path = System/Library/Frameworks/CoreVideo.framework; sourceTree = SDKROOT; };
		E3FE903616C2345600700D53 /* border.png */ = {isa = PBXFileReference; lastKnownFileType = image.png; path = border.png; sourceTree = "<group>"; };
		E3FE903A16C238B200700D53 /* en */ = {isa = PBXFileReference; lastKnownFileType = file.xib; name = en; path = en.lproj/LiveFeedViewController.xib; sourceTree = "<group>"; };
		E3FE903C16C23C0600700D53 /* FaceViewController.h */ = {isa = PBXFileReference; fileEncoding = 4; lastKnownFileType = sourcecode.c.h; path = FaceViewController.h; sourceTree = "<group>"; };
		E3FE903D16C23C0600700D53 /* FaceViewController.m */ = {isa = PBXFileReference; fileEncoding = 4; lastKnownFileType = sourcecode.c.objc; path = FaceViewController.m; sourceTree = "<group>"; };
		E3FE905816C2A44B00700D53 /* MainViewController.h */ = {isa = PBXFileReference; fileEncoding = 4; lastKnownFileType = sourcecode.c.h; path = MainViewController.h; sourceTree = "<group>"; };
		E3FE905916C2A44B00700D53 /* MainViewController.m */ = {isa = PBXFileReference; fileEncoding = 4; lastKnownFileType = sourcecode.c.objc; path = MainViewController.m; sourceTree = "<group>"; };
		E3FE905C16C2AC1100700D53 /* tick.aiff */ = {isa = PBXFileReference; lastKnownFileType = audio.aiff; path = tick.aiff; sourceTree = "<group>"; };
		E3FE905E16C2AC2400700D53 /* MyViewController.h */ = {isa = PBXFileReference; fileEncoding = 4; lastKnownFileType = sourcecode.c.h; path = MyViewController.h; sourceTree = "<group>"; };
		E3FE905F16C2AC2400700D53 /* MyViewController.m */ = {isa = PBXFileReference; fileEncoding = 4; lastKnownFileType = sourcecode.c.objc; path = MyViewController.m; sourceTree = "<group>"; };
		E3FE906016C2AC2400700D53 /* OverlayViewController.h */ = {isa = PBXFileReference; fileEncoding = 4; lastKnownFileType = sourcecode.c.h; path = OverlayViewController.h; sourceTree = "<group>"; };
		E3FE906116C2AC2400700D53 /* OverlayViewController.m */ = {isa = PBXFileReference; fileEncoding = 4; lastKnownFileType = sourcecode.c.objc; path = OverlayViewController.m; sourceTree = "<group>"; };
		E3FE906516C2AC3E00700D53 /* en */ = {isa = PBXFileReference; lastKnownFileType = file.xib; name = en; path = en.lproj/StaticPhotoController.xib; sourceTree = "<group>"; };
		E3FE906716C2AC3E00700D53 /* en */ = {isa = PBXFileReference; lastKnownFileType = file.xib; name = en; path = en.lproj/OverlayViewController.xib; sourceTree = "<group>"; };
		E3FE906A16C2AD9800700D53 /* AudioToolbox.framework */ = {isa = PBXFileReference; lastKnownFileType = wrapper.framework; name = AudioToolbox.framework; path = System/Library/Frameworks/AudioToolbox.framework; sourceTree = SDKROOT; };
		E3FE907016C3A71B00700D53 /* UIImage+Resolution.h */ = {isa = PBXFileReference; fileEncoding = 4; lastKnownFileType = sourcecode.c.h; path = "UIImage+Resolution.h"; sourceTree = "<group>"; };
		E3FE907116C3A71B00700D53 /* UIImage+Resolution.m */ = {isa = PBXFileReference; fileEncoding = 4; lastKnownFileType = sourcecode.c.objc; path = "UIImage+Resolution.m"; sourceTree = "<group>"; };
/* End PBXFileReference section */

/* Begin PBXFrameworksBuildPhase section */
		5AB4CFE91461092B00316888 /* Frameworks */ = {
			isa = PBXFrameworksBuildPhase;
			buildActionMask = 2147483647;
			files = (
				E3DAEFFA16C41EF40007288A /* libz.dylib in Frameworks */,
				E3DAEFF516C41E520007288A /* Accelerate.framework in Frameworks */,
				E3953E7B16C3F62E0020B3F5 /* libOpenCViPhone.a in Frameworks */,
				E3FE906B16C2AD9900700D53 /* AudioToolbox.framework in Frameworks */,
				E3FE903516C2326800700D53 /* CoreVideo.framework in Frameworks */,
				E3FE903316C2324300700D53 /* CoreMedia.framework in Frameworks */,
				E3FE903116C231FC00700D53 /* AVFoundation.framework in Frameworks */,
				5AB4D01014610A0C00316888 /* CoreImage.framework in Frameworks */,
				5AB4D00E14610A0600316888 /* QuartzCore.framework in Frameworks */,
				5AB4CFF11461092C00316888 /* UIKit.framework in Frameworks */,
				5AB4CFF31461092C00316888 /* Foundation.framework in Frameworks */,
				5AB4CFF51461092C00316888 /* CoreGraphics.framework in Frameworks */,
			);
			runOnlyForDeploymentPostprocessing = 0;
		};
/* End PBXFrameworksBuildPhase section */

/* Begin PBXGroup section */
		5AB4CFE11461092B00316888 = {
			isa = PBXGroup;
			children = (
				E3953E6616C3F55C0020B3F5 /* FaceRecognition */,
				5AB4CFF61461092C00316888 /* FaceDetection */,
				5AB4CFEF1461092C00316888 /* Frameworks */,
				E3DAEFF916C41EF40007288A /* libz.dylib */,
				5AB4CFED1461092C00316888 /* Products */,
			);
			sourceTree = "<group>";
		};
		5AB4CFED1461092C00316888 /* Products */ = {
			isa = PBXGroup;
			children = (
				5AB4CFEC1461092C00316888 /* FaceDetecnition.app */,
			);
			name = Products;
			sourceTree = "<group>";
		};
		5AB4CFEF1461092C00316888 /* Frameworks */ = {
			isa = PBXGroup;
			children = (
				E3953E6C16C3F6180020B3F5 /* FaceRecognition.xcodeproj */,
				E3DAEFF416C41E520007288A /* Accelerate.framework */,
				E3FE906A16C2AD9800700D53 /* AudioToolbox.framework */,
				E3FE903416C2326800700D53 /* CoreVideo.framework */,
				E3FE903216C2324300700D53 /* CoreMedia.framework */,
				E3FE903016C231FC00700D53 /* AVFoundation.framework */,
				5AB4D00D14610A0600316888 /* QuartzCore.framework */,
				5AB4D00F14610A0C00316888 /* CoreImage.framework */,
				5AB4CFF01461092C00316888 /* UIKit.framework */,
				5AB4CFF21461092C00316888 /* Foundation.framework */,
				5AB4CFF41461092C00316888 /* CoreGraphics.framework */,
			);
			name = Frameworks;
			sourceTree = "<group>";
		};
		5AB4CFF61461092C00316888 /* FaceDetection */ = {
			isa = PBXGroup;
			children = (
				E3FE906416C2AC3E00700D53 /* StaticPhotoController.xib */,
				E3FE906616C2AC3E00700D53 /* OverlayViewController.xib */,
				E3FE905E16C2AC2400700D53 /* MyViewController.h */,
				E3FE905F16C2AC2400700D53 /* MyViewController.m */,
				E3FE906016C2AC2400700D53 /* OverlayViewController.h */,
				E3FE906116C2AC2400700D53 /* OverlayViewController.m */,
				5AB4CFFF1461092C00316888 /* AppDelegate.h */,
				5AB4D0001461092C00316888 /* AppDelegate.m */,
				E3FE905816C2A44B00700D53 /* MainViewController.h */,
				E3FE905916C2A44B00700D53 /* MainViewController.m */,
				E3FE903C16C23C0600700D53 /* FaceViewController.h */,
				E3FE903D16C23C0600700D53 /* FaceViewController.m */,
				5AB4D0021461092C00316888 /* ViewController.h */,
				5AB4D0031461092C00316888 /* ViewController.m */,
				5AB4D0051461092C00316888 /* ViewController.xib */,
				E3FE903916C238B200700D53 /* LiveFeedViewController.xib */,
				E3FE902C16C2317600700D53 /* LiveFeedViewController.h */,
				E3FE902D16C2317600700D53 /* LiveFeedViewController.m */,
				5AB4CFF71461092C00316888 /* Supporting Files */,
				E3FE907016C3A71B00700D53 /* UIImage+Resolution.h */,
				E3FE907116C3A71B00700D53 /* UIImage+Resolution.m */,
			);
			path = FaceDetection;
			sourceTree = "<group>";
		};
		5AB4CFF71461092C00316888 /* Supporting Files */ = {
			isa = PBXGroup;
			children = (
				E3FE905C16C2AC1100700D53 /* tick.aiff */,
				E3FE903616C2345600700D53 /* border.png */,
				E3FE902216C21E3500700D53 /* Default-568h@2x.png */,
				5AB4D01114610C3100316888 /* Priyanka.jpg */,
				5AB4CFF81461092C00316888 /* FaceDetecnition-Info.plist */,
				5AB4CFF91461092C00316888 /* InfoPlist.strings */,
				5AB4CFFC1461092C00316888 /* main.m */,
				5AB4CFFE1461092C00316888 /* FaceDetecnition-Prefix.pch */,
			);
			name = "Supporting Files";
			sourceTree = "<group>";
		};
		E3953E6616C3F55C0020B3F5 /* FaceRecognition */ = {
			isa = PBXGroup;
			children = (
				E3953E7D16C3F6AA0020B3F5 /* FaceRecognitionViewController.h */,
				E3953E7E16C3F6AA0020B3F5 /* FaceRecognitionViewController.mm */,
				E3953E7C16C3F68A0020B3F5 /* Core */,
			);
			name = FaceRecognition;
			sourceTree = "<group>";
		};
		E3953E6D16C3F6180020B3F5 /* Products */ = {
			isa = PBXGroup;
			children = (
				E3953E7616C3F6190020B3F5 /* FaceRecognition.app */,
				E3953E7816C3F6190020B3F5 /* libOpenCViPhone.a */,
			);
			name = Products;
			sourceTree = "<group>";
		};
		E3953E7C16C3F68A0020B3F5 /* Core */ = {
			isa = PBXGroup;
			children = (
				E3953E5416C3F5530020B3F5 /* colormap.cpp */,
				E3953E5516C3F5530020B3F5 /* colormap.hpp */,
				E3953E5616C3F5530020B3F5 /* decomposition.cpp */,
				E3953E5716C3F5530020B3F5 /* decomposition.hpp */,
				E3953E5816C3F5530020B3F5 /* facerec.cpp */,
				E3953E5916C3F5530020B3F5 /* facerec.hpp */,
				E3953E5A16C3F5530020B3F5 /* helper.cpp */,
				E3953E5B16C3F5530020B3F5 /* helper.hpp */,
				E3953E5C16C3F5530020B3F5 /* lbp.cpp */,
				E3953E5D16C3F5530020B3F5 /* lbp.hpp */,
				E3953E5E16C3F5530020B3F5 /* subspace.cpp */,
				E3953E5F16C3F5530020B3F5 /* subspace.hpp */,
			);
			name = Core;
			sourceTree = "<group>";
		};
/* End PBXGroup section */

/* Begin PBXNativeTarget section */
		5AB4CFEB1461092B00316888 /* FaceDetecnition */ = {
			isa = PBXNativeTarget;
			buildConfigurationList = 5AB4D00A1461092C00316888 /* Build configuration list for PBXNativeTarget "FaceDetecnition" */;
			buildPhases = (
				5AB4CFE81461092B00316888 /* Sources */,
				5AB4CFE91461092B00316888 /* Frameworks */,
				5AB4CFEA1461092B00316888 /* Resources */,
			);
			buildRules = (
			);
			dependencies = (
				E3953E7A16C3F6280020B3F5 /* PBXTargetDependency */,
			);
			name = FaceDetecnition;
			productName = FaceDetection;
			productReference = 5AB4CFEC1461092C00316888 /* FaceDetecnition.app */;
			productType = "com.apple.product-type.application";
		};
/* End PBXNativeTarget section */

/* Begin PBXProject section */
		5AB4CFE31461092B00316888 /* Project object */ = {
			isa = PBXProject;
			attributes = {
				LastUpgradeCheck = 0420;
				ORGANIZATIONNAME = "JID Marketing";
			};
			buildConfigurationList = 5AB4CFE61461092B00316888 /* Build configuration list for PBXProject "FaceDetecnition" */;
			compatibilityVersion = "Xcode 3.2";
			developmentRegion = English;
			hasScannedForEncodings = 0;
			knownRegions = (
				en,
			);
			mainGroup = 5AB4CFE11461092B00316888;
			productRefGroup = 5AB4CFED1461092C00316888 /* Products */;
			projectDirPath = "";
			projectReferences = (
				{
					ProductGroup = E3953E6D16C3F6180020B3F5 /* Products */;
					ProjectRef = E3953E6C16C3F6180020B3F5 /* FaceRecognition.xcodeproj */;
				},
			);
			projectRoot = "";
			targets = (
				5AB4CFEB1461092B00316888 /* FaceDetecnition */,
			);
		};
/* End PBXProject section */

/* Begin PBXReferenceProxy section */
		E3953E7616C3F6190020B3F5 /* FaceRecognition.app */ = {
			isa = PBXReferenceProxy;
			fileType = wrapper.application;
			path = FaceRecognition.app;
			remoteRef = E3953E7516C3F6190020B3F5 /* PBXContainerItemProxy */;
			sourceTree = BUILT_PRODUCTS_DIR;
		};
		E3953E7816C3F6190020B3F5 /* libOpenCViPhone.a */ = {
			isa = PBXReferenceProxy;
			fileType = archive.ar;
			path = libOpenCViPhone.a;
			remoteRef = E3953E7716C3F6190020B3F5 /* PBXContainerItemProxy */;
			sourceTree = BUILT_PRODUCTS_DIR;
		};
/* End PBXReferenceProxy section */

/* Begin PBXResourcesBuildPhase section */
		5AB4CFEA1461092B00316888 /* Resources */ = {
			isa = PBXResourcesBuildPhase;
			buildActionMask = 2147483647;
			files = (
				5AB4CFFB1461092C00316888 /* InfoPlist.strings in Resources */,
				5AB4D0071461092C00316888 /* ViewController.xib in Resources */,
				5AB4D01214610C3100316888 /* Priyanka.jpg in Resources */,
				E3FE902316C21E3500700D53 /* Default-568h@2x.png in Resources */,
				E3FE903716C2345600700D53 /* border.png in Resources */,
				E3FE903B16C238B200700D53 /* LiveFeedViewController.xib in Resources */,
				E3FE905D16C2AC1100700D53 /* tick.aiff in Resources */,
				E3FE906816C2AC3E00700D53 /* StaticPhotoController.xib in Resources */,
				E3FE906916C2AC3E00700D53 /* OverlayViewController.xib in Resources */,
			);
			runOnlyForDeploymentPostprocessing = 0;
		};
/* End PBXResourcesBuildPhase section */

/* Begin PBXSourcesBuildPhase section */
		5AB4CFE81461092B00316888 /* Sources */ = {
			isa = PBXSourcesBuildPhase;
			buildActionMask = 2147483647;
			files = (
				5AB4CFFD1461092C00316888 /* main.m in Sources */,
				5AB4D0011461092C00316888 /* AppDelegate.m in Sources */,
				5AB4D0041461092C00316888 /* ViewController.m in Sources */,
				E3FE902E16C2317600700D53 /* LiveFeedViewController.m in Sources */,
				E3FE903E16C23C0600700D53 /* FaceViewController.m in Sources */,
				E3FE905A16C2A44B00700D53 /* MainViewController.m in Sources */,
				E3FE906216C2AC2500700D53 /* MyViewController.m in Sources */,
				E3FE906316C2AC2500700D53 /* OverlayViewController.m in Sources */,
				E3FE907216C3A71B00700D53 /* UIImage+Resolution.m in Sources */,
				E3DAF00016C423A50007288A /* subspace.cpp in Sources */,
				E3DAEFFF16C423A30007288A /* lbp.cpp in Sources */,
				E3DAEFFE16C423A10007288A /* helper.cpp in Sources */,
				E3DAEFFB16C423980007288A /* colormap.cpp in Sources */,
				E3DAEFFC16C4239B0007288A /* decomposition.cpp in Sources */,
				E3DAEFFD16C4239E0007288A /* facerec.cpp in Sources */,
				E3953E7F16C3F6AA0020B3F5 /* FaceRecognitionViewController.mm in Sources */,
			);
			runOnlyForDeploymentPostprocessing = 0;
		};
/* End PBXSourcesBuildPhase section */

/* Begin PBXTargetDependency section */
		E3953E7A16C3F6280020B3F5 /* PBXTargetDependency */ = {
			isa = PBXTargetDependency;
			name = OpenCViPhone;
			targetProxy = E3953E7916C3F6280020B3F5 /* PBXContainerItemProxy */;
		};
/* End PBXTargetDependency section */

/* Begin PBXVariantGroup section */
		5AB4CFF91461092C00316888 /* InfoPlist.strings */ = {
			isa = PBXVariantGroup;
			children = (
				5AB4CFFA1461092C00316888 /* en */,
			);
			name = InfoPlist.strings;
			sourceTree = "<group>";
		};
		5AB4D0051461092C00316888 /* ViewController.xib */ = {
			isa = PBXVariantGroup;
			children = (
				5AB4D0061461092C00316888 /* en */,
			);
			name = ViewController.xib;
			sourceTree = "<group>";
		};
		E3FE903916C238B200700D53 /* LiveFeedViewController.xib */ = {
			isa = PBXVariantGroup;
			children = (
				E3FE903A16C238B200700D53 /* en */,
			);
			name = LiveFeedViewController.xib;
			sourceTree = "<group>";
		};
		E3FE906416C2AC3E00700D53 /* StaticPhotoController.xib */ = {
			isa = PBXVariantGroup;
			children = (
				E3FE906516C2AC3E00700D53 /* en */,
			);
			name = StaticPhotoController.xib;
			sourceTree = "<group>";
		};
		E3FE906616C2AC3E00700D53 /* OverlayViewController.xib */ = {
			isa = PBXVariantGroup;
			children = (
				E3FE906716C2AC3E00700D53 /* en */,
			);
			name = OverlayViewController.xib;
			sourceTree = "<group>";
		};
/* End PBXVariantGroup section */

/* Begin XCBuildConfiguration section */
		5AB4D0081461092C00316888 /* Debug */ = {
			isa = XCBuildConfiguration;
			buildSettings = {
				ALWAYS_SEARCH_USER_PATHS = NO;
				ARCHS = "$(ARCHS_STANDARD_32_BIT)";
				CLANG_ENABLE_OBJC_ARC = YES;
				"CODE_SIGN_IDENTITY[sdk=iphoneos*]" = "iPhone Developer";
				COPY_PHASE_STRIP = NO;
				GCC_C_LANGUAGE_STANDARD = gnu99;
				GCC_DYNAMIC_NO_PIC = NO;
				GCC_OPTIMIZATION_LEVEL = 0;
				GCC_PREPROCESSOR_DEFINITIONS = (
					"DEBUG=1",
					"$(inherited)",
				);
				GCC_SYMBOLS_PRIVATE_EXTERN = NO;
				GCC_VERSION = com.apple.compilers.llvm.clang.1_0;
				GCC_WARN_ABOUT_MISSING_PROTOTYPES = YES;
				GCC_WARN_ABOUT_RETURN_TYPE = YES;
				GCC_WARN_UNUSED_VARIABLE = YES;
				IPHONEOS_DEPLOYMENT_TARGET = 5.0;
				SDKROOT = iphoneos;
			};
			name = Debug;
		};
		5AB4D0091461092C00316888 /* Release */ = {
			isa = XCBuildConfiguration;
			buildSettings = {
				ALWAYS_SEARCH_USER_PATHS = NO;
				ARCHS = "$(ARCHS_STANDARD_32_BIT)";
				CLANG_ENABLE_OBJC_ARC = YES;
				"CODE_SIGN_IDENTITY[sdk=iphoneos*]" = "iPhone Developer";
				COPY_PHASE_STRIP = YES;
				GCC_C_LANGUAGE_STANDARD = gnu99;
				GCC_VERSION = com.apple.compilers.llvm.clang.1_0;
				GCC_WARN_ABOUT_MISSING_PROTOTYPES = YES;
				GCC_WARN_ABOUT_RETURN_TYPE = YES;
				GCC_WARN_UNUSED_VARIABLE = YES;
				IPHONEOS_DEPLOYMENT_TARGET = 5.0;
				OTHER_CFLAGS = "-DNS_BLOCK_ASSERTIONS=1";
				SDKROOT = iphoneos;
				VALIDATE_PRODUCT = YES;
			};
			name = Release;
		};
		5AB4D00B1461092C00316888 /* Debug */ = {
			isa = XCBuildConfiguration;
			buildSettings = {
				ALWAYS_SEARCH_USER_PATHS = YES;
				CODE_SIGN_IDENTITY = "iPhone Developer";
				GCC_PRECOMPILE_PREFIX_HEADER = YES;
				GCC_PREFIX_HEADER = "FaceDetection/FaceDetecnition-Prefix.pch";
				GCC_VERSION = "";
				INFOPLIST_FILE = "FaceDetection/FaceDetecnition-Info.plist";
				IPHONEOS_DEPLOYMENT_TARGET = 5.1;
				PRODUCT_NAME = FaceDetecnition;
				PROVISIONING_PROFILE = "";
				TARGETED_DEVICE_FAMILY = "1,2";
				USER_HEADER_SEARCH_PATHS = "${SRCROOT}/FaceRecognition/ThirdParty/OpenCV/include ${SRCROOT}/FaceRecognition/ThirdParty/OpenCV/modules/core/include ${SRCROOT}/FaceRecognition/ThirdParty/OpenCV/modules/flann/include ${SRCROOT}/FaceRecognition/ThirdParty/OpenCV/modules/imgproc/include ${SRCROOT}/FaceRecognition/ThirdParty/OpenCV/modules/video/include ${SRCROOT}/FaceRecognition/ThirdParty/OpenCV/modules/features2d/include ${SRCROOT}/FaceRecognition/ThirdParty/OpenCV/modules/objdetect/include ${SRCROOT}/FaceRecognition/ThirdParty/OpenCV/modules/calib3d/include ${SRCROOT}/FaceRecognition/ThirdParty/OpenCV/modules/highgui/include ${SRCROOT}/FaceRecognition/ThirdParty/OpenCV/modules/ml/include ${SRCROOT}/FaceRecognition/ThirdParty/OpenCV/modules/contrib/include ${SRCROOT}/FaceRecognition/ThirdParty/iulib ${SRCROOT}/FaceRecognition/ThirdParty/iulib-includes ${SRCROOT}/FaceRecognition/ThirdParty/ocropus/ocr-utils";
				WRAPPER_EXTENSION = app;
			};
			name = Debug;
		};
		5AB4D00C1461092C00316888 /* Release */ = {
			isa = XCBuildConfiguration;
			buildSettings = {
				ALWAYS_SEARCH_USER_PATHS = YES;
				CODE_SIGN_IDENTITY = "iPhone Developer";
				GCC_PRECOMPILE_PREFIX_HEADER = YES;
				GCC_PREFIX_HEADER = "FaceDetection/FaceDetecnition-Prefix.pch";
				GCC_VERSION = "";
				INFOPLIST_FILE = "FaceDetection/FaceDetecnition-Info.plist";
				IPHONEOS_DEPLOYMENT_TARGET = 5.1;
				PRODUCT_NAME = FaceDetecnition;
				PROVISIONING_PROFILE = "";
				TARGETED_DEVICE_FAMILY = "1,2";
				USER_HEADER_SEARCH_PATHS = "${SRCROOT}/FaceRecognition/ThirdParty/OpenCV/include ${SRCROOT}/FaceRecognition/ThirdParty/OpenCV/modules/core/include ${SRCROOT}/FaceRecognition/ThirdParty/OpenCV/modules/flann/include ${SRCROOT}/FaceRecognition/ThirdParty/OpenCV/modules/imgproc/include ${SRCROOT}/FaceRecognition/ThirdParty/OpenCV/modules/video/include ${SRCROOT}/FaceRecognition/ThirdParty/OpenCV/modules/features2d/include ${SRCROOT}/FaceRecognition/ThirdParty/OpenCV/modules/objdetect/include ${SRCROOT}/FaceRecognition/ThirdParty/OpenCV/modules/calib3d/include ${SRCROOT}/FaceRecognition/ThirdParty/OpenCV/modules/highgui/include ${SRCROOT}/FaceRecognition/ThirdParty/OpenCV/modules/ml/include ${SRCROOT}/FaceRecognition/ThirdParty/OpenCV/modules/contrib/include ${SRCROOT}/FaceRecognition/ThirdParty/iulib ${SRCROOT}/FaceRecognition/ThirdParty/iulib-includes ${SRCROOT}/FaceRecognition/ThirdParty/ocropus/ocr-utils";
				WRAPPER_EXTENSION = app;
			};
			name = Release;
		};
/* End XCBuildConfiguration section */

/* Begin XCConfigurationList section */
		5AB4CFE61461092B00316888 /* Build configuration list for PBXProject "FaceDetecnition" */ = {
			isa = XCConfigurationList;
			buildConfigurations = (
				5AB4D0081461092C00316888 /* Debug */,
				5AB4D0091461092C00316888 /* Release */,
			);
			defaultConfigurationIsVisible = 0;
			defaultConfigurationName = Release;
		};
		5AB4D00A1461092C00316888 /* Build configuration list for PBXNativeTarget "FaceDetecnition" */ = {
			isa = XCConfigurationList;
			buildConfigurations = (
				5AB4D00B1461092C00316888 /* Debug */,
				5AB4D00C1461092C00316888 /* Release */,
			);
			defaultConfigurationIsVisible = 0;
			defaultConfigurationName = Release;
		};
/* End XCConfigurationList section */
	};
	rootObject = 5AB4CFE31461092B00316888 /* Project object */;
}
